
Microsoft Visual Studio Solution File, Format Version 12.00
# Visual Studio 14
VisualStudioVersion = 14.0.23107.0
MinimumVisualStudioVersion = 10.0.40219.1
Project("{2150E333-8FDC-42A3-9474-1A3956D46DE8}") = "src", "src", "{EEEC60AF-07BE-4A9E-93EB-E44843A9D9ED}"
EndProject
Project("{2150E333-8FDC-42A3-9474-1A3956D46DE8}") = "Solution Items", "Solution Items", "{B7BC45E3-1FB7-4389-BD0B-96F3F7E2DB88}"
	ProjectSection(SolutionItems) = preProject
		.travis.yml = .travis.yml
		appveyor.yml = appveyor.yml
		build.cmd = build.cmd
		build.sh = build.sh
		global.json = global.json
		LICENSE = LICENSE
		makefile.shade = makefile.shade
		NuGet.Config = NuGet.Config
		README.md = README.md
	EndProjectSection
EndProject
Global
	GlobalSection(SolutionProperties) = preSolution
		HideSolutionNode = FALSE
	EndGlobalSection
EndGlobal
