
Microsoft Visual Studio Solution File, Format Version 12.00
# Visual Studio 14
VisualStudioVersion = 14.0.23107.0
MinimumVisualStudioVersion = 10.0.40219.1
Project("{2150E333-8FDC-42A3-9474-1A3956D46DE8}") = "src", "src", "{EEEC60AF-07BE-4A9E-93EB-E44843A9D9ED}"
EndProject
Project("{2150E333-8FDC-42A3-9474-1A3956D46DE8}") = "Solution Items", "Solution Items", "{B7BC45E3-1FB7-4389-BD0B-96F3F7E2DB88}"
	ProjectSection(SolutionItems) = preProject
		.travis.yml = .travis.yml
		appveyor.yml = appveyor.yml
		build.cmd = build.cmd
		build.sh = build.sh
		global.json = global.json
		LICENSE = LICENSE
		makefile.shade = makefile.shade
		NuGet.Config = NuGet.Config
		README.md = README.md
	EndProjectSection
EndProject
Project("{8BB2217D-0F2D-49D1-97BC-3654ED321F3B}") = "CodeComb.vNextExperimentCenter", "src\CodeComb.vNextExperimentCenter\CodeComb.vNextExperimentCenter.xproj", "{E7FB0AF2-FA9D-445B-962D-BA978DCB196A}"
EndProject
Project("{8BB2217D-0F2D-49D1-97BC-3654ED321F3B}") = "CodeComb.vNextExperimentCenter.Node", "src\CodeComb.vNextExperimentCenter.Node\CodeComb.vNextExperimentCenter.Node.xproj", "{4F98867C-7966-4AFE-B3B4-F2051E7E9684}"
EndProject
Project("{8BB2217D-0F2D-49D1-97BC-3654ED321F3B}") = "CodeComb.vNextExperimentCenter.Hub", "src\CodeComb.vNextExperimentCenter.Hub\CodeComb.vNextExperimentCenter.Hub.xproj", "{E9D54D5F-8058-48A9-952F-1471BD1C5A8D}"
EndProject
Project("{8BB2217D-0F2D-49D1-97BC-3654ED321F3B}") = "CodeComb.CI.Runner", "src\CodeComb.CI.Runner\CodeComb.CI.Runner.xproj", "{9E712B16-4914-4BC5-B730-026CC8B3D9A4}"
EndProject
Global
	GlobalSection(SolutionConfigurationPlatforms) = preSolution
		Debug|Any CPU = Debug|Any CPU
		Release|Any CPU = Release|Any CPU
	EndGlobalSection
	GlobalSection(ProjectConfigurationPlatforms) = postSolution
		{E7FB0AF2-FA9D-445B-962D-BA978DCB196A}.Debug|Any CPU.ActiveCfg = Debug|Any CPU
		{E7FB0AF2-FA9D-445B-962D-BA978DCB196A}.Debug|Any CPU.Build.0 = Debug|Any CPU
		{E7FB0AF2-FA9D-445B-962D-BA978DCB196A}.Release|Any CPU.ActiveCfg = Release|Any CPU
		{E7FB0AF2-FA9D-445B-962D-BA978DCB196A}.Release|Any CPU.Build.0 = Release|Any CPU
		{4F98867C-7966-4AFE-B3B4-F2051E7E9684}.Debug|Any CPU.ActiveCfg = Debug|Any CPU
		{4F98867C-7966-4AFE-B3B4-F2051E7E9684}.Debug|Any CPU.Build.0 = Debug|Any CPU
		{4F98867C-7966-4AFE-B3B4-F2051E7E9684}.Release|Any CPU.ActiveCfg = Release|Any CPU
		{4F98867C-7966-4AFE-B3B4-F2051E7E9684}.Release|Any CPU.Build.0 = Release|Any CPU
		{E9D54D5F-8058-48A9-952F-1471BD1C5A8D}.Debug|Any CPU.ActiveCfg = Debug|Any CPU
		{E9D54D5F-8058-48A9-952F-1471BD1C5A8D}.Debug|Any CPU.Build.0 = Debug|Any CPU
		{E9D54D5F-8058-48A9-952F-1471BD1C5A8D}.Release|Any CPU.ActiveCfg = Release|Any CPU
		{E9D54D5F-8058-48A9-952F-1471BD1C5A8D}.Release|Any CPU.Build.0 = Release|Any CPU
		{9E712B16-4914-4BC5-B730-026CC8B3D9A4}.Debug|Any CPU.ActiveCfg = Debug|Any CPU
		{9E712B16-4914-4BC5-B730-026CC8B3D9A4}.Debug|Any CPU.Build.0 = Debug|Any CPU
		{9E712B16-4914-4BC5-B730-026CC8B3D9A4}.Release|Any CPU.ActiveCfg = Release|Any CPU
		{9E712B16-4914-4BC5-B730-026CC8B3D9A4}.Release|Any CPU.Build.0 = Release|Any CPU
	EndGlobalSection
	GlobalSection(SolutionProperties) = preSolution
		HideSolutionNode = FALSE
	EndGlobalSection
	GlobalSection(NestedProjects) = preSolution
		{E7FB0AF2-FA9D-445B-962D-BA978DCB196A} = {EEEC60AF-07BE-4A9E-93EB-E44843A9D9ED}
		{4F98867C-7966-4AFE-B3B4-F2051E7E9684} = {EEEC60AF-07BE-4A9E-93EB-E44843A9D9ED}
		{E9D54D5F-8058-48A9-952F-1471BD1C5A8D} = {EEEC60AF-07BE-4A9E-93EB-E44843A9D9ED}
		{9E712B16-4914-4BC5-B730-026CC8B3D9A4} = {EEEC60AF-07BE-4A9E-93EB-E44843A9D9ED}
	EndGlobalSection
EndGlobal
